
Microsoft Visual Studio Solution File, Format Version 12.00
# Visual Studio 15
VisualStudioVersion = 15.0.28307.960
MinimumVisualStudioVersion = 10.0.40219.1
Project("{FAE04EC0-301F-11D3-BF4B-00C04F79EFBC}") = "Videoclub", "..\Videoclub\Videoclub\Videoclub.csproj", "{23F617E5-7166-41FD-B0B6-A911448E3C3C}"
EndProject
Global
	GlobalSection(SolutionConfigurationPlatforms) = preSolution
		Debug|Any CPU = Debug|Any CPU
		Release|Any CPU = Release|Any CPU
	EndGlobalSection
	GlobalSection(ProjectConfigurationPlatforms) = postSolution
		{23F617E5-7166-41FD-B0B6-A911448E3C3C}.Debug|Any CPU.ActiveCfg = Debug|Any CPU
		{23F617E5-7166-41FD-B0B6-A911448E3C3C}.Debug|Any CPU.Build.0 = Debug|Any CPU
		{23F617E5-7166-41FD-B0B6-A911448E3C3C}.Release|Any CPU.ActiveCfg = Release|Any CPU
		{23F617E5-7166-41FD-B0B6-A911448E3C3C}.Release|Any CPU.Build.0 = Release|Any CPU
	EndGlobalSection
	GlobalSection(SolutionProperties) = preSolution
		HideSolutionNode = FALSE
	EndGlobalSection
	GlobalSection(ExtensibilityGlobals) = postSolution
		SolutionGuid = {7AC23740-757C-4EED-A403-661E3E2AB3B0}
	EndGlobalSection
EndGlobal
