
Microsoft Visual Studio Solution File, Format Version 12.00
# Visual Studio 15
VisualStudioVersion = 15.0.28307.960
MinimumVisualStudioVersion = 10.0.40219.1
Project("{FAE04EC0-301F-11D3-BF4B-00C04F79EFBC}") = "VideoclubISI", "VideoclubISI\VideoclubISI.csproj", "{BC1F8F61-234C-4720-AFB9-B39F8A569616}"
EndProject
Global
	GlobalSection(SolutionConfigurationPlatforms) = preSolution
		Debug|Any CPU = Debug|Any CPU
		Release|Any CPU = Release|Any CPU
	EndGlobalSection
	GlobalSection(ProjectConfigurationPlatforms) = postSolution
		{BC1F8F61-234C-4720-AFB9-B39F8A569616}.Debug|Any CPU.ActiveCfg = Debug|Any CPU
		{BC1F8F61-234C-4720-AFB9-B39F8A569616}.Debug|Any CPU.Build.0 = Debug|Any CPU
		{BC1F8F61-234C-4720-AFB9-B39F8A569616}.Release|Any CPU.ActiveCfg = Release|Any CPU
		{BC1F8F61-234C-4720-AFB9-B39F8A569616}.Release|Any CPU.Build.0 = Release|Any CPU
	EndGlobalSection
	GlobalSection(SolutionProperties) = preSolution
		HideSolutionNode = FALSE
	EndGlobalSection
	GlobalSection(ExtensibilityGlobals) = postSolution
		SolutionGuid = {2391424A-F1CF-45D2-BCA9-D671C72C9D37}
	EndGlobalSection
EndGlobal
